// !$*UTF8*$!
{
	archiveVersion = 1;
	classes = {
	};
	objectVersion = 77;
	objects = {

/* Begin PBXContainerItemProxy section */
		EAA4F3C92DD6705C0053186B /* PBXContainerItemProxy */ = {
			isa = PBXContainerItemProxy;
			containerPortal = EAA4F3A72DD6705B0053186B /* Project object */;
			proxyType = 1;
			remoteGlobalIDString = EAA4F3AE2DD6705B0053186B;
			remoteInfo = blockbomb;
		};
		EAA4F3D32DD6705C0053186B /* PBXContainerItemProxy */ = {
			isa = PBXContainerItemProxy;
			containerPortal = EAA4F3A72DD6705B0053186B /* Project object */;
			proxyType = 1;
			remoteGlobalIDString = EAA4F3AE2DD6705B0053186B;
			remoteInfo = blockbomb;
		};
/* End PBXContainerItemProxy section */

/* Begin PBXFileReference section */
		EAA4F3AF2DD6705B0053186B /* blockbomb.app */ = {isa = PBXFileReference; explicitFileType = wrapper.application; includeInIndex = 0; path = blockbomb.app; sourceTree = BUILT_PRODUCTS_DIR; };
		EAA4F3C82DD6705C0053186B /* blockbombTests.xctest */ = {isa = PBXFileReference; explicitFileType = wrapper.cfbundle; includeInIndex = 0; path = blockbombTests.xctest; sourceTree = BUILT_PRODUCTS_DIR; };
		EAA4F3D22DD6705C0053186B /* blockbombUITests.xctest */ = {isa = PBXFileReference; explicitFileType = wrapper.cfbundle; includeInIndex = 0; path = blockbombUITests.xctest; sourceTree = BUILT_PRODUCTS_DIR; };
/* End PBXFileReference section */

/* Begin PBXFileSystemSynchronizedRootGroup section */
		EAA4F3B12DD6705B0053186B /* blockbomb */ = {
			isa = PBXFileSystemSynchronizedRootGroup;
			path = blockbomb;
			sourceTree = "<group>";
		};
		EAA4F3CB2DD6705C0053186B /* blockbombTests */ = {
			isa = PBXFileSystemSynchronizedRootGroup;
			path = blockbombTests;
			sourceTree = "<group>";
		};
		EAA4F3D52DD6705C0053186B /* blockbombUITests */ = {
			isa = PBXFileSystemSynchronizedRootGroup;
			path = blockbombUITests;
			sourceTree = "<group>";
		};
/* End PBXFileSystemSynchronizedRootGroup section */

/* Begin PBXFrameworksBuildPhase section */
		EAA4F3AC2DD6705B0053186B /* Frameworks */ = {
			isa = PBXFrameworksBuildPhase;
			buildActionMask = 2147483647;
			files = (
			);
			runOnlyForDeploymentPostprocessing = 0;
		};
		EAA4F3C52DD6705C0053186B /* Frameworks */ = {
			isa = PBXFrameworksBuildPhase;
			buildActionMask = 2147483647;
			files = (
			);
			runOnlyForDeploymentPostprocessing = 0;
		};
		EAA4F3CF2DD6705C0053186B /* Frameworks */ = {
			isa = PBXFrameworksBuildPhase;
			buildActionMask = 2147483647;
			files = (
			);
			runOnlyForDeploymentPostprocessing = 0;
		};
/* End PBXFrameworksBuildPhase section */

/* Begin PBXGroup section */
		EAA4F3A62DD6705B0053186B = {
			isa = PBXGroup;
			children = (
				EAA4F3B12DD6705B0053186B /* blockbomb */,
				EAA4F3CB2DD6705C0053186B /* blockbombTests */,
				EAA4F3D52DD6705C0053186B /* blockbombUITests */,
				EAA4F3B02DD6705B0053186B /* Products */,
			);
			sourceTree = "<group>";
		};
		EAA4F3B02DD6705B0053186B /* Products */ = {
			isa = PBXGroup;
			children = (
				EAA4F3AF2DD6705B0053186B /* blockbomb.app */,
				EAA4F3C82DD6705C0053186B /* blockbombTests.xctest */,
				EAA4F3D22DD6705C0053186B /* blockbombUITests.xctest */,
			);
			name = Products;
			sourceTree = "<group>";
		};
/* End PBXGroup section */

/* Begin PBXNativeTarget section */
		EAA4F3AE2DD6705B0053186B /* blockbomb */ = {
			isa = PBXNativeTarget;
			buildConfigurationList = EAA4F3DC2DD6705C0053186B /* Build configuration list for PBXNativeTarget "blockbomb" */;
			buildPhases = (
				EAA4F3AB2DD6705B0053186B /* Sources */,
				EAA4F3AC2DD6705B0053186B /* Frameworks */,
				EAA4F3AD2DD6705B0053186B /* Resources */,
			);
			buildRules = (
			);
			dependencies = (
			);
			fileSystemSynchronizedGroups = (
				EAA4F3B12DD6705B0053186B /* blockbomb */,
			);
			name = blockbomb;
			packageProductDependencies = (
			);
			productName = blockbomb;
			productReference = EAA4F3AF2DD6705B0053186B /* blockbomb.app */;
			productType = "com.apple.product-type.application";
		};
		EAA4F3C72DD6705C0053186B /* blockbombTests */ = {
			isa = PBXNativeTarget;
			buildConfigurationList = EAA4F3DF2DD6705C0053186B /* Build configuration list for PBXNativeTarget "blockbombTests" */;
			buildPhases = (
				EAA4F3C42DD6705C0053186B /* Sources */,
				EAA4F3C52DD6705C0053186B /* Frameworks */,
				EAA4F3C62DD6705C0053186B /* Resources */,
			);
			buildRules = (
			);
			dependencies = (
				EAA4F3CA2DD6705C0053186B /* PBXTargetDependency */,
			);
			fileSystemSynchronizedGroups = (
				EAA4F3CB2DD6705C0053186B /* blockbombTests */,
			);
			name = blockbombTests;
			packageProductDependencies = (
			);
			productName = blockbombTests;
			productReference = EAA4F3C82DD6705C0053186B /* blockbombTests.xctest */;
			productType = "com.apple.product-type.bundle.unit-test";
		};
		EAA4F3D12DD6705C0053186B /* blockbombUITests */ = {
			isa = PBXNativeTarget;
			buildConfigurationList = EAA4F3E22DD6705C0053186B /* Build configuration list for PBXNativeTarget "blockbombUITests" */;
			buildPhases = (
				EAA4F3CE2DD6705C0053186B /* Sources */,
				EAA4F3CF2DD6705C0053186B /* Frameworks */,
				EAA4F3D02DD6705C0053186B /* Resources */,
			);
			buildRules = (
			);
			dependencies = (
				EAA4F3D42DD6705C0053186B /* PBXTargetDependency */,
			);
			fileSystemSynchronizedGroups = (
				EAA4F3D52DD6705C0053186B /* blockbombUITests */,
			);
			name = blockbombUITests;
			packageProductDependencies = (
			);
			productName = blockbombUITests;
			productReference = EAA4F3D22DD6705C0053186B /* blockbombUITests.xctest */;
			productType = "com.apple.product-type.bundle.ui-testing";
		};
/* End PBXNativeTarget section */

/* Begin PBXProject section */
		EAA4F3A72DD6705B0053186B /* Project object */ = {
			isa = PBXProject;
			attributes = {
				BuildIndependentTargetsInParallel = 1;
				LastSwiftUpdateCheck = 1630;
				LastUpgradeCheck = 1630;
				TargetAttributes = {
					EAA4F3AE2DD6705B0053186B = {
						CreatedOnToolsVersion = 16.3;
					};
					EAA4F3C72DD6705C0053186B = {
						CreatedOnToolsVersion = 16.3;
						TestTargetID = EAA4F3AE2DD6705B0053186B;
					};
					EAA4F3D12DD6705C0053186B = {
						CreatedOnToolsVersion = 16.3;
						TestTargetID = EAA4F3AE2DD6705B0053186B;
					};
				};
			};
			buildConfigurationList = EAA4F3AA2DD6705B0053186B /* Build configuration list for PBXProject "blockbomb" */;
			developmentRegion = en;
			hasScannedForEncodings = 0;
			knownRegions = (
				en,
				Base,
			);
			mainGroup = EAA4F3A62DD6705B0053186B;
			minimizedProjectReferenceProxies = 1;
			preferredProjectObjectVersion = 77;
			productRefGroup = EAA4F3B02DD6705B0053186B /* Products */;
			projectDirPath = "";
			projectRoot = "";
			targets = (
				EAA4F3AE2DD6705B0053186B /* blockbomb */,
				EAA4F3C72DD6705C0053186B /* blockbombTests */,
				EAA4F3D12DD6705C0053186B /* blockbombUITests */,
			);
		};
/* End PBXProject section */

/* Begin PBXResourcesBuildPhase section */
		EAA4F3AD2DD6705B0053186B /* Resources */ = {
			isa = PBXResourcesBuildPhase;
			buildActionMask = 2147483647;
			files = (
			);
			runOnlyForDeploymentPostprocessing = 0;
		};
		EAA4F3C62DD6705C0053186B /* Resources */ = {
			isa = PBXResourcesBuildPhase;
			buildActionMask = 2147483647;
			files = (
			);
			runOnlyForDeploymentPostprocessing = 0;
		};
		EAA4F3D02DD6705C0053186B /* Resources */ = {
			isa = PBXResourcesBuildPhase;
			buildActionMask = 2147483647;
			files = (
			);
			runOnlyForDeploymentPostprocessing = 0;
		};
/* End PBXResourcesBuildPhase section */

/* Begin PBXSourcesBuildPhase section */
		EAA4F3AB2DD6705B0053186B /* Sources */ = {
			isa = PBXSourcesBuildPhase;
			buildActionMask = 2147483647;
			files = (
			);
			runOnlyForDeploymentPostprocessing = 0;
		};
		EAA4F3C42DD6705C0053186B /* Sources */ = {
			isa = PBXSourcesBuildPhase;
			buildActionMask = 2147483647;
			files = (
			);
			runOnlyForDeploymentPostprocessing = 0;
		};
		EAA4F3CE2DD6705C0053186B /* Sources */ = {
			isa = PBXSourcesBuildPhase;
			buildActionMask = 2147483647;
			files = (
			);
			runOnlyForDeploymentPostprocessing = 0;
		};
/* End PBXSourcesBuildPhase section */

/* Begin PBXTargetDependency section */
		EAA4F3CA2DD6705C0053186B /* PBXTargetDependency */ = {
			isa = PBXTargetDependency;
			target = EAA4F3AE2DD6705B0053186B /* blockbomb */;
			targetProxy = EAA4F3C92DD6705C0053186B /* PBXContainerItemProxy */;
		};
		EAA4F3D42DD6705C0053186B /* PBXTargetDependency */ = {
			isa = PBXTargetDependency;
			target = EAA4F3AE2DD6705B0053186B /* blockbomb */;
			targetProxy = EAA4F3D32DD6705C0053186B /* PBXContainerItemProxy */;
		};
/* End PBXTargetDependency section */

/* Begin XCBuildConfiguration section */
		EAA4F3DA2DD6705C0053186B /* Debug */ = {
			isa = XCBuildConfiguration;
			buildSettings = {
				ALWAYS_SEARCH_USER_PATHS = NO;
				ASSETCATALOG_COMPILER_GENERATE_SWIFT_ASSET_SYMBOL_EXTENSIONS = YES;
				CLANG_ANALYZER_NONNULL = YES;
				CLANG_ANALYZER_NUMBER_OBJECT_CONVERSION = YES_AGGRESSIVE;
				CLANG_CXX_LANGUAGE_STANDARD = "gnu++20";
				CLANG_ENABLE_MODULES = YES;
				CLANG_ENABLE_OBJC_ARC = YES;
				CLANG_ENABLE_OBJC_WEAK = YES;
				CLANG_WARN_BLOCK_CAPTURE_AUTORELEASING = YES;
				CLANG_WARN_BOOL_CONVERSION = YES;
				CLANG_WARN_COMMA = YES;
				CLANG_WARN_CONSTANT_CONVERSION = YES;
				CLANG_WARN_DEPRECATED_OBJC_IMPLEMENTATIONS = YES;
				CLANG_WARN_DIRECT_OBJC_ISA_USAGE = YES_ERROR;
				CLANG_WARN_DOCUMENTATION_COMMENTS = YES;
				CLANG_WARN_EMPTY_BODY = YES;
				CLANG_WARN_ENUM_CONVERSION = YES;
				CLANG_WARN_INFINITE_RECURSION = YES;
				CLANG_WARN_INT_CONVERSION = YES;
				CLANG_WARN_NON_LITERAL_NULL_CONVERSION = YES;
				CLANG_WARN_OBJC_IMPLICIT_RETAIN_SELF = YES;
				CLANG_WARN_OBJC_LITERAL_CONVERSION = YES;
				CLANG_WARN_OBJC_ROOT_CLASS = YES_ERROR;
				CLANG_WARN_QUOTED_INCLUDE_IN_FRAMEWORK_HEADER = YES;
				CLANG_WARN_RANGE_LOOP_ANALYSIS = YES;
				CLANG_WARN_STRICT_PROTOTYPES = YES;
				CLANG_WARN_SUSPICIOUS_MOVE = YES;
				CLANG_WARN_UNGUARDED_AVAILABILITY = YES_AGGRESSIVE;
				CLANG_WARN_UNREACHABLE_CODE = YES;
				CLANG_WARN__DUPLICATE_METHOD_MATCH = YES;
				COPY_PHASE_STRIP = NO;
				DEBUG_INFORMATION_FORMAT = dwarf;
				ENABLE_STRICT_OBJC_MSGSEND = YES;
				ENABLE_TESTABILITY = YES;
				ENABLE_USER_SCRIPT_SANDBOXING = YES;
				GCC_C_LANGUAGE_STANDARD = gnu17;
				GCC_DYNAMIC_NO_PIC = NO;
				GCC_NO_COMMON_BLOCKS = YES;
				GCC_OPTIMIZATION_LEVEL = 0;
				GCC_PREPROCESSOR_DEFINITIONS = (
					"DEBUG=1",
					"$(inherited)",
				);
				GCC_WARN_64_TO_32_BIT_CONVERSION = YES;
				GCC_WARN_ABOUT_RETURN_TYPE = YES_ERROR;
				GCC_WARN_UNDECLARED_SELECTOR = YES;
				GCC_WARN_UNINITIALIZED_AUTOS = YES_AGGRESSIVE;
				GCC_WARN_UNUSED_FUNCTION = YES;
				GCC_WARN_UNUSED_VARIABLE = YES;
				IPHONEOS_DEPLOYMENT_TARGET = 18.4;
				LOCALIZATION_PREFERS_STRING_CATALOGS = YES;
				MTL_ENABLE_DEBUG_INFO = INCLUDE_SOURCE;
				MTL_FAST_MATH = YES;
				ONLY_ACTIVE_ARCH = YES;
				SDKROOT = iphoneos;
				SWIFT_ACTIVE_COMPILATION_CONDITIONS = "DEBUG $(inherited)";
				SWIFT_OPTIMIZATION_LEVEL = "-Onone";
			};
			name = Debug;
		};
		EAA4F3DB2DD6705C0053186B /* Release */ = {
			isa = XCBuildConfiguration;
			buildSettings = {
				ALWAYS_SEARCH_USER_PATHS = NO;
				ASSETCATALOG_COMPILER_GENERATE_SWIFT_ASSET_SYMBOL_EXTENSIONS = YES;
				CLANG_ANALYZER_NONNULL = YES;
				CLANG_ANALYZER_NUMBER_OBJECT_CONVERSION = YES_AGGRESSIVE;
				CLANG_CXX_LANGUAGE_STANDARD = "gnu++20";
				CLANG_ENABLE_MODULES = YES;
				CLANG_ENABLE_OBJC_ARC = YES;
				CLANG_ENABLE_OBJC_WEAK = YES;
				CLANG_WARN_BLOCK_CAPTURE_AUTORELEASING = YES;
				CLANG_WARN_BOOL_CONVERSION = YES;
				CLANG_WARN_COMMA = YES;
				CLANG_WARN_CONSTANT_CONVERSION = YES;
				CLANG_WARN_DEPRECATED_OBJC_IMPLEMENTATIONS = YES;
				CLANG_WARN_DIRECT_OBJC_ISA_USAGE = YES_ERROR;
				CLANG_WARN_DOCUMENTATION_COMMENTS = YES;
				CLANG_WARN_EMPTY_BODY = YES;
				CLANG_WARN_ENUM_CONVERSION = YES;
				CLANG_WARN_INFINITE_RECURSION = YES;
				CLANG_WARN_INT_CONVERSION = YES;
				CLANG_WARN_NON_LITERAL_NULL_CONVERSION = YES;
				CLANG_WARN_OBJC_IMPLICIT_RETAIN_SELF = YES;
				CLANG_WARN_OBJC_LITERAL_CONVERSION = YES;
				CLANG_WARN_OBJC_ROOT_CLASS = YES_ERROR;
				CLANG_WARN_QUOTED_INCLUDE_IN_FRAMEWORK_HEADER = YES;
				CLANG_WARN_RANGE_LOOP_ANALYSIS = YES;
				CLANG_WARN_STRICT_PROTOTYPES = YES;
				CLANG_WARN_SUSPICIOUS_MOVE = YES;
				CLANG_WARN_UNGUARDED_AVAILABILITY = YES_AGGRESSIVE;
				CLANG_WARN_UNREACHABLE_CODE = YES;
				CLANG_WARN__DUPLICATE_METHOD_MATCH = YES;
				COPY_PHASE_STRIP = NO;
				DEBUG_INFORMATION_FORMAT = "dwarf-with-dsym";
				ENABLE_NS_ASSERTIONS = NO;
				ENABLE_STRICT_OBJC_MSGSEND = YES;
				ENABLE_USER_SCRIPT_SANDBOXING = YES;
				GCC_C_LANGUAGE_STANDARD = gnu17;
				GCC_NO_COMMON_BLOCKS = YES;
				GCC_WARN_64_TO_32_BIT_CONVERSION = YES;
				GCC_WARN_ABOUT_RETURN_TYPE = YES_ERROR;
				GCC_WARN_UNDECLARED_SELECTOR = YES;
				GCC_WARN_UNINITIALIZED_AUTOS = YES_AGGRESSIVE;
				GCC_WARN_UNUSED_FUNCTION = YES;
				GCC_WARN_UNUSED_VARIABLE = YES;
				IPHONEOS_DEPLOYMENT_TARGET = 18.4;
				LOCALIZATION_PREFERS_STRING_CATALOGS = YES;
				MTL_ENABLE_DEBUG_INFO = NO;
				MTL_FAST_MATH = YES;
				SDKROOT = iphoneos;
				SWIFT_COMPILATION_MODE = wholemodule;
				VALIDATE_PRODUCT = YES;
			};
			name = Release;
		};
		EAA4F3DD2DD6705C0053186B /* Debug */ = {
			isa = XCBuildConfiguration;
			buildSettings = {
				ASSETCATALOG_COMPILER_APPICON_NAME = AppIcon;
				ASSETCATALOG_COMPILER_GLOBAL_ACCENT_COLOR_NAME = AccentColor;
				CODE_SIGN_STYLE = Automatic;
				CURRENT_PROJECT_VERSION = 1;
				GENERATE_INFOPLIST_FILE = YES;
				INFOPLIST_KEY_UIApplicationSupportsIndirectInputEvents = YES;
				INFOPLIST_KEY_UILaunchStoryboardName = LaunchScreen;
				INFOPLIST_KEY_UIMainStoryboardFile = Main;
				INFOPLIST_KEY_UIStatusBarHidden = YES;
				INFOPLIST_KEY_UISupportedInterfaceOrientations_iPad = "UIInterfaceOrientationPortrait UIInterfaceOrientationPortraitUpsideDown UIInterfaceOrientationLandscapeLeft UIInterfaceOrientationLandscapeRight";
				INFOPLIST_KEY_UISupportedInterfaceOrientations_iPhone = "UIInterfaceOrientationPortrait UIInterfaceOrientationLandscapeLeft UIInterfaceOrientationLandscapeRight";
				LD_RUNPATH_SEARCH_PATHS = (
					"$(inherited)",
					"@executable_path/Frameworks",
				);
				MARKETING_VERSION = 1.0;
				PRODUCT_BUNDLE_IDENTIFIER = rojo.blockbomb;
				PRODUCT_NAME = "$(TARGET_NAME)";
				SWIFT_EMIT_LOC_STRINGS = YES;
				SWIFT_VERSION = 5.0;
				TARGETED_DEVICE_FAMILY = "1,2";
			};
			name = Debug;
		};
		EAA4F3DE2DD6705C0053186B /* Release */ = {
			isa = XCBuildConfiguration;
			buildSettings = {
				ASSETCATALOG_COMPILER_APPICON_NAME = AppIcon;
				ASSETCATALOG_COMPILER_GLOBAL_ACCENT_COLOR_NAME = AccentColor;
				CODE_SIGN_STYLE = Automatic;
				CURRENT_PROJECT_VERSION = 1;
				GENERATE_INFOPLIST_FILE = YES;
				INFOPLIST_KEY_UIApplicationSupportsIndirectInputEvents = YES;
				INFOPLIST_KEY_UILaunchStoryboardName = LaunchScreen;
				INFOPLIST_KEY_UIMainStoryboardFile = Main;
				INFOPLIST_KEY_UIStatusBarHidden = YES;
				INFOPLIST_KEY_UISupportedInterfaceOrientations_iPad = "UIInterfaceOrientationPortrait UIInterfaceOrientationPortraitUpsideDown UIInterfaceOrientationLandscapeLeft UIInterfaceOrientationLandscapeRight";
				INFOPLIST_KEY_UISupportedInterfaceOrientations_iPhone = "UIInterfaceOrientationPortrait UIInterfaceOrientationLandscapeLeft UIInterfaceOrientationLandscapeRight";
				LD_RUNPATH_SEARCH_PATHS = (
					"$(inherited)",
					"@executable_path/Frameworks",
				);
				MARKETING_VERSION = 1.0;
				PRODUCT_BUNDLE_IDENTIFIER = rojo.blockbomb;
				PRODUCT_NAME = "$(TARGET_NAME)";
				SWIFT_EMIT_LOC_STRINGS = YES;
				SWIFT_VERSION = 5.0;
				TARGETED_DEVICE_FAMILY = "1,2";
			};
			name = Release;
		};
		EAA4F3E02DD6705C0053186B /* Debug */ = {
			isa = XCBuildConfiguration;
			buildSettings = {
				BUNDLE_LOADER = "$(TEST_HOST)";
				CODE_SIGN_STYLE = Automatic;
				CURRENT_PROJECT_VERSION = 1;
				GENERATE_INFOPLIST_FILE = YES;
				IPHONEOS_DEPLOYMENT_TARGET = 18.4;
				MARKETING_VERSION = 1.0;
				PRODUCT_BUNDLE_IDENTIFIER = rojo.blockbombTests;
				PRODUCT_NAME = "$(TARGET_NAME)";
				SWIFT_EMIT_LOC_STRINGS = NO;
				SWIFT_VERSION = 5.0;
				TARGETED_DEVICE_FAMILY = "1,2";
				TEST_HOST = "$(BUILT_PRODUCTS_DIR)/blockbomb.app/$(BUNDLE_EXECUTABLE_FOLDER_PATH)/blockbomb";
			};
			name = Debug;
		};
		EAA4F3E12DD6705C0053186B /* Release */ = {
			isa = XCBuildConfiguration;
			buildSettings = {
				BUNDLE_LOADER = "$(TEST_HOST)";
				CODE_SIGN_STYLE = Automatic;
				CURRENT_PROJECT_VERSION = 1;
				GENERATE_INFOPLIST_FILE = YES;
				IPHONEOS_DEPLOYMENT_TARGET = 18.4;
				MARKETING_VERSION = 1.0;
				PRODUCT_BUNDLE_IDENTIFIER = rojo.blockbombTests;
				PRODUCT_NAME = "$(TARGET_NAME)";
				SWIFT_EMIT_LOC_STRINGS = NO;
				SWIFT_VERSION = 5.0;
				TARGETED_DEVICE_FAMILY = "1,2";
				TEST_HOST = "$(BUILT_PRODUCTS_DIR)/blockbomb.app/$(BUNDLE_EXECUTABLE_FOLDER_PATH)/blockbomb";
			};
			name = Release;
		};
		EAA4F3E32DD6705C0053186B /* Debug */ = {
			isa = XCBuildConfiguration;
			buildSettings = {
				CODE_SIGN_STYLE = Automatic;
				CURRENT_PROJECT_VERSION = 1;
				GENERATE_INFOPLIST_FILE = YES;
				MARKETING_VERSION = 1.0;
				PRODUCT_BUNDLE_IDENTIFIER = rojo.blockbombUITests;
				PRODUCT_NAME = "$(TARGET_NAME)";
				SWIFT_EMIT_LOC_STRINGS = NO;
				SWIFT_VERSION = 5.0;
				TARGETED_DEVICE_FAMILY = "1,2";
				TEST_TARGET_NAME = blockbomb;
			};
			name = Debug;
		};
		EAA4F3E42DD6705C0053186B /* Release */ = {
			isa = XCBuildConfiguration;
			buildSettings = {
				CODE_SIGN_STYLE = Automatic;
				CURRENT_PROJECT_VERSION = 1;
				GENERATE_INFOPLIST_FILE = YES;
				MARKETING_VERSION = 1.0;
				PRODUCT_BUNDLE_IDENTIFIER = rojo.blockbombUITests;
				PRODUCT_NAME = "$(TARGET_NAME)";
				SWIFT_EMIT_LOC_STRINGS = NO;
				SWIFT_VERSION = 5.0;
				TARGETED_DEVICE_FAMILY = "1,2";
				TEST_TARGET_NAME = blockbomb;
			};
			name = Release;
		};
/* End XCBuildConfiguration section */

/* Begin XCConfigurationList section */
		EAA4F3AA2DD6705B0053186B /* Build configuration list for PBXProject "blockbomb" */ = {
			isa = XCConfigurationList;
			buildConfigurations = (
				EAA4F3DA2DD6705C0053186B /* Debug */,
				EAA4F3DB2DD6705C0053186B /* Release */,
			);
			defaultConfigurationIsVisible = 0;
			defaultConfigurationName = Release;
		};
		EAA4F3DC2DD6705C0053186B /* Build configuration list for PBXNativeTarget "blockbomb" */ = {
			isa = XCConfigurationList;
			buildConfigurations = (
				EAA4F3DD2DD6705C0053186B /* Debug */,
				EAA4F3DE2DD6705C0053186B /* Release */,
			);
			defaultConfigurationIsVisible = 0;
			defaultConfigurationName = Release;
		};
		EAA4F3DF2DD6705C0053186B /* Build configuration list for PBXNativeTarget "blockbombTests" */ = {
			isa = XCConfigurationList;
			buildConfigurations = (
				EAA4F3E02DD6705C0053186B /* Debug */,
				EAA4F3E12DD6705C0053186B /* Release */,
			);
			defaultConfigurationIsVisible = 0;
			defaultConfigurationName = Release;
		};
		EAA4F3E22DD6705C0053186B /* Build configuration list for PBXNativeTarget "blockbombUITests" */ = {
			isa = XCConfigurationList;
			buildConfigurations = (
				EAA4F3E32DD6705C0053186B /* Debug */,
				EAA4F3E42DD6705C0053186B /* Release */,
			);
			defaultConfigurationIsVisible = 0;
			defaultConfigurationName = Release;
		};
/* End XCConfigurationList section */
	};
	rootObject = EAA4F3A72DD6705B0053186B /* Project object */;
}
